// !$*UTF8*$!
{
	archiveVersion = 1;
	classes = {
	};
	objectVersion = 77;
	objects = {

/* Begin PBXBuildFile section */
		161A882B68BEA54EBC0BEF83 /* swiftui_sttextview_sourcekit_lsp_macos_demo.swift in Sources */ = {isa = PBXBuildFile; fileRef = BCE6C2DF42F00A6C5C1F6503 /* swiftui_sttextview_sourcekit_lsp_macos_demo.swift */; };
		2B342D62F033B99B5E4EAA07 /* STTextView in Frameworks */ = {isa = PBXBuildFile; productRef = 5946BDA31BA68835F83B5E74 /* STTextView */; };
/* End PBXBuildFile section */

/* Begin PBXFileReference section */
		4DD3EFB63D4B210E8205A22E /* swiftui_sttextview_sourcekit_lsp_macos_demo.app */ = {isa = PBXFileReference; explicitFileType = wrapper.application; includeInIndex = 0; path = swiftui_sttextview_sourcekit_lsp_macos_demo.app; sourceTree = BUILT_PRODUCTS_DIR; };
		BCE6C2DF42F00A6C5C1F6503 /* swiftui_sttextview_sourcekit_lsp_macos_demo.swift */ = {isa = PBXFileReference; lastKnownFileType = sourcecode.swift; path = swiftui_sttextview_sourcekit_lsp_macos_demo.swift; sourceTree = "<group>"; };
/* End PBXFileReference section */

/* Begin PBXFrameworksBuildPhase section */
		CF38980E564F1A6FD3DFC98E /* Frameworks */ = {
			isa = PBXFrameworksBuildPhase;
			buildActionMask = 2147483647;
			files = (
				2B342D62F033B99B5E4EAA07 /* STTextView in Frameworks */,
			);
			runOnlyForDeploymentPostprocessing = 0;
		};
/* End PBXFrameworksBuildPhase section */

/* Begin PBXGroup section */
		43BB15660C1A27571F4303EA /* Products */ = {
			isa = PBXGroup;
			children = (
				4DD3EFB63D4B210E8205A22E /* swiftui_sttextview_sourcekit_lsp_macos_demo.app */,
			);
			name = Products;
			sourceTree = "<group>";
		};
		CFAC1E02201280F6D9E2831E = {
			isa = PBXGroup;
			children = (
				F22DFD87E7BDF1C1358FB97B /* Sources */,
				43BB15660C1A27571F4303EA /* Products */,
			);
			sourceTree = "<group>";
		};
		E483754A25F8D0B9E1433D6D /* swiftui-sttextview-sourcekit-lsp-macos-demo */ = {
			isa = PBXGroup;
			children = (
				BCE6C2DF42F00A6C5C1F6503 /* swiftui_sttextview_sourcekit_lsp_macos_demo.swift */,
			);
			path = "swiftui-sttextview-sourcekit-lsp-macos-demo";
			sourceTree = "<group>";
		};
		F22DFD87E7BDF1C1358FB97B /* Sources */ = {
			isa = PBXGroup;
			children = (
				E483754A25F8D0B9E1433D6D /* swiftui-sttextview-sourcekit-lsp-macos-demo */,
			);
			path = Sources;
			sourceTree = "<group>";
		};
/* End PBXGroup section */

/* Begin PBXNativeTarget section */
		5B86D67743BDA4D7EC5BEA5B /* swiftui_sttextview_sourcekit_lsp_macos_demo */ = {
			isa = PBXNativeTarget;
			buildConfigurationList = 04F173057F37092C81B4EA40 /* Build configuration list for PBXNativeTarget "swiftui_sttextview_sourcekit_lsp_macos_demo" */;
			buildPhases = (
				E0C5C5F81928796E4C63D583 /* Sources */,
				CF38980E564F1A6FD3DFC98E /* Frameworks */,
			);
			buildRules = (
			);
			dependencies = (
			);
			name = swiftui_sttextview_sourcekit_lsp_macos_demo;
			packageProductDependencies = (
				5946BDA31BA68835F83B5E74 /* STTextView */,
			);
			productName = swiftui_sttextview_sourcekit_lsp_macos_demo;
			productReference = 4DD3EFB63D4B210E8205A22E /* swiftui_sttextview_sourcekit_lsp_macos_demo.app */;
			productType = "com.apple.product-type.application";
		};
/* End PBXNativeTarget section */

/* Begin PBXProject section */
		0AF2C370A87037E23FC810E9 /* Project object */ = {
			isa = PBXProject;
			attributes = {
				BuildIndependentTargetsInParallel = YES;
				LastUpgradeCheck = 1430;
				TargetAttributes = {
					5B86D67743BDA4D7EC5BEA5B = {
						DevelopmentTeam = "";
						ProvisioningStyle = Manual;
					};
				};
			};
			buildConfigurationList = 8F0B394FD9A14161991F2C92 /* Build configuration list for PBXProject "swiftui_sttextview_sourcekit_lsp_macos_demo" */;
			developmentRegion = en;
			hasScannedForEncodings = 0;
			knownRegions = (
				Base,
				en,
			);
			mainGroup = CFAC1E02201280F6D9E2831E;
			minimizedProjectReferenceProxies = 1;
			packageReferences = (
				FF89C4BA370408BD1555D324 /* XCRemoteSwiftPackageReference "STTextView" */,
			);
			preferredProjectObjectVersion = 77;
			productRefGroup = 43BB15660C1A27571F4303EA /* Products */;
			projectDirPath = "";
			projectRoot = "";
			targets = (
				5B86D67743BDA4D7EC5BEA5B /* swiftui_sttextview_sourcekit_lsp_macos_demo */,
			);
		};
/* End PBXProject section */

/* Begin PBXSourcesBuildPhase section */
		E0C5C5F81928796E4C63D583 /* Sources */ = {
			isa = PBXSourcesBuildPhase;
			buildActionMask = 2147483647;
			files = (
				161A882B68BEA54EBC0BEF83 /* swiftui_sttextview_sourcekit_lsp_macos_demo.swift in Sources */,
			);
			runOnlyForDeploymentPostprocessing = 0;
		};
/* End PBXSourcesBuildPhase section */

/* Begin XCBuildConfiguration section */
		8B1AE760480A1AF86B02870B /* Debug */ = {
			isa = XCBuildConfiguration;
			buildSettings = {
				ALWAYS_SEARCH_USER_PATHS = NO;
				CLANG_ANALYZER_NONNULL = YES;
				CLANG_ANALYZER_NUMBER_OBJECT_CONVERSION = YES_AGGRESSIVE;
				CLANG_CXX_LANGUAGE_STANDARD = "gnu++14";
				CLANG_CXX_LIBRARY = "libc++";
				CLANG_ENABLE_MODULES = YES;
				CLANG_ENABLE_OBJC_ARC = YES;
				CLANG_ENABLE_OBJC_WEAK = YES;
				CLANG_WARN_BLOCK_CAPTURE_AUTORELEASING = YES;
				CLANG_WARN_BOOL_CONVERSION = YES;
				CLANG_WARN_COMMA = YES;
				CLANG_WARN_CONSTANT_CONVERSION = YES;
				CLANG_WARN_DEPRECATED_OBJC_IMPLEMENTATIONS = YES;
				CLANG_WARN_DIRECT_OBJC_ISA_USAGE = YES_ERROR;
				CLANG_WARN_DOCUMENTATION_COMMENTS = YES;
				CLANG_WARN_EMPTY_BODY = YES;
				CLANG_WARN_ENUM_CONVERSION = YES;
				CLANG_WARN_INFINITE_RECURSION = YES;
				CLANG_WARN_INT_CONVERSION = YES;
				CLANG_WARN_NON_LITERAL_NULL_CONVERSION = YES;
				CLANG_WARN_OBJC_IMPLICIT_RETAIN_SELF = YES;
				CLANG_WARN_OBJC_LITERAL_CONVERSION = YES;
				CLANG_WARN_OBJC_ROOT_CLASS = YES_ERROR;
				CLANG_WARN_QUOTED_INCLUDE_IN_FRAMEWORK_HEADER = YES;
				CLANG_WARN_RANGE_LOOP_ANALYSIS = YES;
				CLANG_WARN_STRICT_PROTOTYPES = YES;
				CLANG_WARN_SUSPICIOUS_MOVE = YES;
				CLANG_WARN_UNGUARDED_AVAILABILITY = YES_AGGRESSIVE;
				CLANG_WARN_UNREACHABLE_CODE = YES;
				CLANG_WARN__DUPLICATE_METHOD_MATCH = YES;
				COPY_PHASE_STRIP = NO;
				DEBUG_INFORMATION_FORMAT = dwarf;
				ENABLE_STRICT_OBJC_MSGSEND = YES;
				ENABLE_TESTABILITY = YES;
				GCC_C_LANGUAGE_STANDARD = gnu11;
				GCC_DYNAMIC_NO_PIC = NO;
				GCC_NO_COMMON_BLOCKS = YES;
				GCC_OPTIMIZATION_LEVEL = 0;
				GCC_PREPROCESSOR_DEFINITIONS = (
					"$(inherited)",
					"DEBUG=1",
				);
				GCC_WARN_64_TO_32_BIT_CONVERSION = YES;
				GCC_WARN_ABOUT_RETURN_TYPE = YES_ERROR;
				GCC_WARN_UNDECLARED_SELECTOR = YES;
				GCC_WARN_UNINITIALIZED_AUTOS = YES_AGGRESSIVE;
				GCC_WARN_UNUSED_FUNCTION = YES;
				GCC_WARN_UNUSED_VARIABLE = YES;
				MACOSX_DEPLOYMENT_TARGET = 14.0;
				MTL_ENABLE_DEBUG_INFO = INCLUDE_SOURCE;
				MTL_FAST_MATH = YES;
				ONLY_ACTIVE_ARCH = YES;
				PRODUCT_NAME = "$(TARGET_NAME)";
				SDKROOT = macosx;
				SWIFT_ACTIVE_COMPILATION_CONDITIONS = DEBUG;
				SWIFT_OPTIMIZATION_LEVEL = "-Onone";
				SWIFT_VERSION = 5.9;
			};
			name = Debug;
		};
		9F2BDCD120C75E5CB07CD6DC /* Debug */ = {
			isa = XCBuildConfiguration;
			buildSettings = {
				ASSETCATALOG_COMPILER_APPICON_NAME = AppIcon;
				CODE_SIGN_IDENTITY = "-";
				CODE_SIGN_STYLE = Manual;
				COMBINE_HIDPI_IMAGES = YES;
				DEVELOPMENT_TEAM = "";
				ENABLE_HARDENED_RUNTIME = NO;
				GENERATE_INFOPLIST_FILE = YES;
				LD_RUNPATH_SEARCH_PATHS = (
					"$(inherited)",
					"@executable_path/../Frameworks",
				);
				PRODUCT_BUNDLE_IDENTIFIER = com.freewind.swiftuisttextviewsourcekitlspmacosdemo;
				SDKROOT = macosx;
			};
			name = Debug;
		};
		BFD58E4A30FB9A58C026C1D9 /* Release */ = {
			isa = XCBuildConfiguration;
			buildSettings = {
				ALWAYS_SEARCH_USER_PATHS = NO;
				CLANG_ANALYZER_NONNULL = YES;
				CLANG_ANALYZER_NUMBER_OBJECT_CONVERSION = YES_AGGRESSIVE;
				CLANG_CXX_LANGUAGE_STANDARD = "gnu++14";
				CLANG_CXX_LIBRARY = "libc++";
				CLANG_ENABLE_MODULES = YES;
				CLANG_ENABLE_OBJC_ARC = YES;
				CLANG_ENABLE_OBJC_WEAK = YES;
				CLANG_WARN_BLOCK_CAPTURE_AUTORELEASING = YES;
				CLANG_WARN_BOOL_CONVERSION = YES;
				CLANG_WARN_COMMA = YES;
				CLANG_WARN_CONSTANT_CONVERSION = YES;
				CLANG_WARN_DEPRECATED_OBJC_IMPLEMENTATIONS = YES;
				CLANG_WARN_DIRECT_OBJC_ISA_USAGE = YES_ERROR;
				CLANG_WARN_DOCUMENTATION_COMMENTS = YES;
				CLANG_WARN_EMPTY_BODY = YES;
				CLANG_WARN_ENUM_CONVERSION = YES;
				CLANG_WARN_INFINITE_RECURSION = YES;
				CLANG_WARN_INT_CONVERSION = YES;
				CLANG_WARN_NON_LITERAL_NULL_CONVERSION = YES;
				CLANG_WARN_OBJC_IMPLICIT_RETAIN_SELF = YES;
				CLANG_WARN_OBJC_LITERAL_CONVERSION = YES;
				CLANG_WARN_OBJC_ROOT_CLASS = YES_ERROR;
				CLANG_WARN_QUOTED_INCLUDE_IN_FRAMEWORK_HEADER = YES;
				CLANG_WARN_RANGE_LOOP_ANALYSIS = YES;
				CLANG_WARN_STRICT_PROTOTYPES = YES;
				CLANG_WARN_SUSPICIOUS_MOVE = YES;
				CLANG_WARN_UNGUARDED_AVAILABILITY = YES_AGGRESSIVE;
				CLANG_WARN_UNREACHABLE_CODE = YES;
				CLANG_WARN__DUPLICATE_METHOD_MATCH = YES;
				COPY_PHASE_STRIP = NO;
				DEBUG_INFORMATION_FORMAT = "dwarf-with-dsym";
				ENABLE_NS_ASSERTIONS = NO;
				ENABLE_STRICT_OBJC_MSGSEND = YES;
				GCC_C_LANGUAGE_STANDARD = gnu11;
				GCC_NO_COMMON_BLOCKS = YES;
				GCC_WARN_64_TO_32_BIT_CONVERSION = YES;
				GCC_WARN_ABOUT_RETURN_TYPE = YES_ERROR;
				GCC_WARN_UNDECLARED_SELECTOR = YES;
				GCC_WARN_UNINITIALIZED_AUTOS = YES_AGGRESSIVE;
				GCC_WARN_UNUSED_FUNCTION = YES;
				GCC_WARN_UNUSED_VARIABLE = YES;
				MACOSX_DEPLOYMENT_TARGET = 14.0;
				MTL_ENABLE_DEBUG_INFO = NO;
				MTL_FAST_MATH = YES;
				PRODUCT_NAME = "$(TARGET_NAME)";
				SDKROOT = macosx;
				SWIFT_COMPILATION_MODE = wholemodule;
				SWIFT_OPTIMIZATION_LEVEL = "-O";
				SWIFT_VERSION = 5.9;
			};
			name = Release;
		};
		CD7496FCAF26D953A4943AB1 /* Release */ = {
			isa = XCBuildConfiguration;
			buildSettings = {
				ASSETCATALOG_COMPILER_APPICON_NAME = AppIcon;
				CODE_SIGN_IDENTITY = "-";
				CODE_SIGN_STYLE = Manual;
				COMBINE_HIDPI_IMAGES = YES;
				DEVELOPMENT_TEAM = "";
				ENABLE_HARDENED_RUNTIME = NO;
				GENERATE_INFOPLIST_FILE = YES;
				LD_RUNPATH_SEARCH_PATHS = (
					"$(inherited)",
					"@executable_path/../Frameworks",
				);
				PRODUCT_BUNDLE_IDENTIFIER = com.freewind.swiftuisttextviewsourcekitlspmacosdemo;
				SDKROOT = macosx;
			};
			name = Release;
		};
/* End XCBuildConfiguration section */

/* Begin XCConfigurationList section */
		04F173057F37092C81B4EA40 /* Build configuration list for PBXNativeTarget "swiftui_sttextview_sourcekit_lsp_macos_demo" */ = {
			isa = XCConfigurationList;
			buildConfigurations = (
				9F2BDCD120C75E5CB07CD6DC /* Debug */,
				CD7496FCAF26D953A4943AB1 /* Release */,
			);
			defaultConfigurationIsVisible = 0;
			defaultConfigurationName = Debug;
		};
		8F0B394FD9A14161991F2C92 /* Build configuration list for PBXProject "swiftui_sttextview_sourcekit_lsp_macos_demo" */ = {
			isa = XCConfigurationList;
			buildConfigurations = (
				8B1AE760480A1AF86B02870B /* Debug */,
				BFD58E4A30FB9A58C026C1D9 /* Release */,
			);
			defaultConfigurationIsVisible = 0;
			defaultConfigurationName = Debug;
		};
/* End XCConfigurationList section */

/* Begin XCRemoteSwiftPackageReference section */
		FF89C4BA370408BD1555D324 /* XCRemoteSwiftPackageReference "STTextView" */ = {
			isa = XCRemoteSwiftPackageReference;
			repositoryURL = "https://github.com/krzyzanowskim/STTextView";
			requirement = {
				kind = upToNextMajorVersion;
				minimumVersion = 2.3.10;
			};
		};
/* End XCRemoteSwiftPackageReference section */

/* Begin XCSwiftPackageProductDependency section */
		5946BDA31BA68835F83B5E74 /* STTextView */ = {
			isa = XCSwiftPackageProductDependency;
			package = FF89C4BA370408BD1555D324 /* XCRemoteSwiftPackageReference "STTextView" */;
			productName = STTextView;
		};
/* End XCSwiftPackageProductDependency section */
	};
	rootObject = 0AF2C370A87037E23FC810E9 /* Project object */;
}
